
Microsoft Visual Studio Solution File, Format Version 12.00
# Visual Studio Version 16
VisualStudioVersion = 16.0.30907.101
MinimumVisualStudioVersion = 10.0.40219.1
Project("{FAE04EC0-301F-11D3-BF4B-00C04F79EFBC}") = "CDWebAppCC", "CDWebAppCC.csproj", "{10727AB7-2A2D-468C-B74F-04BE1281318E}"
EndProject
Global
	GlobalSection(SolutionConfigurationPlatforms) = preSolution
		Debug|Any CPU = Debug|Any CPU
		Release|Any CPU = Release|Any CPU
	EndGlobalSection
	GlobalSection(ProjectConfigurationPlatforms) = postSolution
		{10727AB7-2A2D-468C-B74F-04BE1281318E}.Debug|Any CPU.ActiveCfg = Debug|Any CPU
		{10727AB7-2A2D-468C-B74F-04BE1281318E}.Debug|Any CPU.Build.0 = Debug|Any CPU
		{10727AB7-2A2D-468C-B74F-04BE1281318E}.Release|Any CPU.ActiveCfg = Release|Any CPU
		{10727AB7-2A2D-468C-B74F-04BE1281318E}.Release|Any CPU.Build.0 = Release|Any CPU
	EndGlobalSection
	GlobalSection(SolutionProperties) = preSolution
		HideSolutionNode = FALSE
	EndGlobalSection
	GlobalSection(ExtensibilityGlobals) = postSolution
		SolutionGuid = {755CB825-80E1-481D-AF0B-66F3DCBA951B}
	EndGlobalSection
EndGlobal
